
Microsoft Visual Studio Solution File, Format Version 12.00
# Visual Studio 15
VisualStudioVersion = 15.0.27004.2002
MinimumVisualStudioVersion = 10.0.40219.1
Project("{FAE04EC0-301F-11D3-BF4B-00C04F79EFBC}") = "Kelvius", "src\Shell\Shell.csproj", "{EE24A4C0-68D5-4126-BED7-BBACF13BE9B7}"
EndProject
Global
	GlobalSection(SolutionConfigurationPlatforms) = preSolution
		Debug|Any CPU = Debug|Any CPU
		Release|Any CPU = Release|Any CPU
	EndGlobalSection
	GlobalSection(ProjectConfigurationPlatforms) = postSolution
		{EE24A4C0-68D5-4126-BED7-BBACF13BE9B7}.Debug|Any CPU.ActiveCfg = Debug|Any CPU
		{EE24A4C0-68D5-4126-BED7-BBACF13BE9B7}.Debug|Any CPU.Build.0 = Debug|Any CPU
		{EE24A4C0-68D5-4126-BED7-BBACF13BE9B7}.Release|Any CPU.ActiveCfg = Release|Any CPU
		{EE24A4C0-68D5-4126-BED7-BBACF13BE9B7}.Release|Any CPU.Build.0 = Release|Any CPU
	EndGlobalSection
	GlobalSection(SolutionProperties) = preSolution
		HideSolutionNode = FALSE
	EndGlobalSection
	GlobalSection(ExtensibilityGlobals) = postSolution
		SolutionGuid = {0676D653-B3F4-4545-8CDE-FBB47F6EFCD9}
	EndGlobalSection
EndGlobal
